
Microsoft Visual Studio Solution File, Format Version 12.00
# Visual Studio 15
VisualStudioVersion = 15.0.26228.4
MinimumVisualStudioVersion = 10.0.40219.1
Project("{FAE04EC0-301F-11D3-BF4B-00C04F79EFBC}") = "Crud2023", "Crud2023\Crud2023.csproj", "{6710492F-265E-4CA7-9025-6D07083A82AE}"
EndProject
Global
	GlobalSection(SolutionConfigurationPlatforms) = preSolution
		Debug|Any CPU = Debug|Any CPU
		Release|Any CPU = Release|Any CPU
	EndGlobalSection
	GlobalSection(ProjectConfigurationPlatforms) = postSolution
		{6710492F-265E-4CA7-9025-6D07083A82AE}.Debug|Any CPU.ActiveCfg = Debug|Any CPU
		{6710492F-265E-4CA7-9025-6D07083A82AE}.Debug|Any CPU.Build.0 = Debug|Any CPU
		{6710492F-265E-4CA7-9025-6D07083A82AE}.Release|Any CPU.ActiveCfg = Release|Any CPU
		{6710492F-265E-4CA7-9025-6D07083A82AE}.Release|Any CPU.Build.0 = Release|Any CPU
	EndGlobalSection
	GlobalSection(SolutionProperties) = preSolution
		HideSolutionNode = FALSE
	EndGlobalSection
EndGlobal
